
Microsoft Visual Studio Solution File, Format Version 12.00
# Visual Studio Version 17
VisualStudioVersion = 17.14.36408.4
MinimumVisualStudioVersion = 10.0.40219.1
Project("{FAE04EC0-301F-11D3-BF4B-00C04F79EFBC}") = "Rad301-2025-Week1-Lab1", "Rad301-2025-Week1-Lab1\Rad301-2025-Week1-Lab1.csproj", "{6B20EF1A-49B9-4E7B-B4CE-38A896012CBF}"
EndProject
Project("{FAE04EC0-301F-11D3-BF4B-00C04F79EFBC}") = "Rad301-2025-Week2-Lab2", "Rad301-2025-Week2-Lab2\Rad301-2025-Week2-Lab2.csproj", "{5825AD91-EE84-49C5-8D9E-E005CF7F8541}"
EndProject
Project("{FAE04EC0-301F-11D3-BF4B-00C04F79EFBC}") = "Lab2secondProject", "Lab2secondProject\Lab2secondProject.csproj", "{8EBEC73B-5344-443C-9027-F33EEF3442B4}"
EndProject
Project("{FAE04EC0-301F-11D3-BF4B-00C04F79EFBC}") = "MvcMovie", "MvcMovie\MvcMovie.csproj", "{C919F299-F5E9-456C-8344-82199A9FC5B3}"
EndProject
Project("{FAE04EC0-301F-11D3-BF4B-00C04F79EFBC}") = "Lab3", "Lab3\Lab3.csproj", "{C673A89A-F507-4354-883D-8EEE04DDA5FE}"
EndProject
Project("{FAE04EC0-301F-11D3-BF4B-00C04F79EFBC}") = "Lab4Part1", "Lab4Part1\Lab4Part1.csproj", "{9461E861-466B-518E-730C-456576D9C8D4}"
EndProject
Project("{FAE04EC0-301F-11D3-BF4B-00C04F79EFBC}") = "Lab4Part2", "Lab4Part2\Lab4Part2.csproj", "{8C89C9E2-647D-1A6C-7A25-49A50C1E692F}"
EndProject
Project("{FAE04EC0-301F-11D3-BF4B-00C04F79EFBC}") = "Lab4Part4", "Lab4Part4\Lab4Part4.csproj", "{9E121F7B-9FA1-468C-9C43-505CDFC7E419}"
EndProject
Project("{FAE04EC0-301F-11D3-BF4B-00C04F79EFBC}") = "Lab5", "Lab5\Lab5.csproj", "{D46356F0-5D41-49C6-BCD2-706A5C398D71}"
EndProject
Global
	GlobalSection(SolutionConfigurationPlatforms) = preSolution
		Debug|Any CPU = Debug|Any CPU
		Release|Any CPU = Release|Any CPU
	EndGlobalSection
	GlobalSection(ProjectConfigurationPlatforms) = postSolution
		{6B20EF1A-49B9-4E7B-B4CE-38A896012CBF}.Debug|Any CPU.ActiveCfg = Debug|Any CPU
		{6B20EF1A-49B9-4E7B-B4CE-38A896012CBF}.Debug|Any CPU.Build.0 = Debug|Any CPU
		{6B20EF1A-49B9-4E7B-B4CE-38A896012CBF}.Release|Any CPU.ActiveCfg = Release|Any CPU
		{6B20EF1A-49B9-4E7B-B4CE-38A896012CBF}.Release|Any CPU.Build.0 = Release|Any CPU
		{5825AD91-EE84-49C5-8D9E-E005CF7F8541}.Debug|Any CPU.ActiveCfg = Debug|Any CPU
		{5825AD91-EE84-49C5-8D9E-E005CF7F8541}.Debug|Any CPU.Build.0 = Debug|Any CPU
		{5825AD91-EE84-49C5-8D9E-E005CF7F8541}.Release|Any CPU.ActiveCfg = Release|Any CPU
		{5825AD91-EE84-49C5-8D9E-E005CF7F8541}.Release|Any CPU.Build.0 = Release|Any CPU
		{8EBEC73B-5344-443C-9027-F33EEF3442B4}.Debug|Any CPU.ActiveCfg = Debug|Any CPU
		{8EBEC73B-5344-443C-9027-F33EEF3442B4}.Debug|Any CPU.Build.0 = Debug|Any CPU
		{8EBEC73B-5344-443C-9027-F33EEF3442B4}.Release|Any CPU.ActiveCfg = Release|Any CPU
		{8EBEC73B-5344-443C-9027-F33EEF3442B4}.Release|Any CPU.Build.0 = Release|Any CPU
		{C919F299-F5E9-456C-8344-82199A9FC5B3}.Debug|Any CPU.ActiveCfg = Debug|Any CPU
		{C919F299-F5E9-456C-8344-82199A9FC5B3}.Debug|Any CPU.Build.0 = Debug|Any CPU
		{C919F299-F5E9-456C-8344-82199A9FC5B3}.Release|Any CPU.ActiveCfg = Release|Any CPU
		{C919F299-F5E9-456C-8344-82199A9FC5B3}.Release|Any CPU.Build.0 = Release|Any CPU
		{C673A89A-F507-4354-883D-8EEE04DDA5FE}.Debug|Any CPU.ActiveCfg = Debug|Any CPU
		{C673A89A-F507-4354-883D-8EEE04DDA5FE}.Debug|Any CPU.Build.0 = Debug|Any CPU
		{C673A89A-F507-4354-883D-8EEE04DDA5FE}.Release|Any CPU.ActiveCfg = Release|Any CPU
		{C673A89A-F507-4354-883D-8EEE04DDA5FE}.Release|Any CPU.Build.0 = Release|Any CPU
		{9461E861-466B-518E-730C-456576D9C8D4}.Debug|Any CPU.ActiveCfg = Debug|Any CPU
		{9461E861-466B-518E-730C-456576D9C8D4}.Debug|Any CPU.Build.0 = Debug|Any CPU
		{9461E861-466B-518E-730C-456576D9C8D4}.Release|Any CPU.ActiveCfg = Release|Any CPU
		{9461E861-466B-518E-730C-456576D9C8D4}.Release|Any CPU.Build.0 = Release|Any CPU
		{8C89C9E2-647D-1A6C-7A25-49A50C1E692F}.Debug|Any CPU.ActiveCfg = Debug|Any CPU
		{8C89C9E2-647D-1A6C-7A25-49A50C1E692F}.Debug|Any CPU.Build.0 = Debug|Any CPU
		{8C89C9E2-647D-1A6C-7A25-49A50C1E692F}.Release|Any CPU.ActiveCfg = Release|Any CPU
		{8C89C9E2-647D-1A6C-7A25-49A50C1E692F}.Release|Any CPU.Build.0 = Release|Any CPU
		{9E121F7B-9FA1-468C-9C43-505CDFC7E419}.Debug|Any CPU.ActiveCfg = Debug|Any CPU
		{9E121F7B-9FA1-468C-9C43-505CDFC7E419}.Debug|Any CPU.Build.0 = Debug|Any CPU
		{9E121F7B-9FA1-468C-9C43-505CDFC7E419}.Release|Any CPU.ActiveCfg = Release|Any CPU
		{9E121F7B-9FA1-468C-9C43-505CDFC7E419}.Release|Any CPU.Build.0 = Release|Any CPU
		{D46356F0-5D41-49C6-BCD2-706A5C398D71}.Debug|Any CPU.ActiveCfg = Debug|Any CPU
		{D46356F0-5D41-49C6-BCD2-706A5C398D71}.Debug|Any CPU.Build.0 = Debug|Any CPU
		{D46356F0-5D41-49C6-BCD2-706A5C398D71}.Release|Any CPU.ActiveCfg = Release|Any CPU
		{D46356F0-5D41-49C6-BCD2-706A5C398D71}.Release|Any CPU.Build.0 = Release|Any CPU
	EndGlobalSection
	GlobalSection(SolutionProperties) = preSolution
		HideSolutionNode = FALSE
	EndGlobalSection
	GlobalSection(ExtensibilityGlobals) = postSolution
		SolutionGuid = {EA934444-11AE-4673-A37A-632975A5CF7E}
	EndGlobalSection
EndGlobal
