
Microsoft Visual Studio Solution File, Format Version 12.00
# Visual Studio Version 17
VisualStudioVersion = 17.14.36408.4 d17.14
MinimumVisualStudioVersion = 10.0.40219.1
Project("{FAE04EC0-301F-11D3-BF4B-00C04F79EFBC}") = "Rad301-2025-Week1-Lab1", "Rad301-2025-Week1-Lab1\Rad301-2025-Week1-Lab1.csproj", "{6B20EF1A-49B9-4E7B-B4CE-38A896012CBF}"
EndProject
Global
	GlobalSection(SolutionConfigurationPlatforms) = preSolution
		Debug|Any CPU = Debug|Any CPU
		Release|Any CPU = Release|Any CPU
	EndGlobalSection
	GlobalSection(ProjectConfigurationPlatforms) = postSolution
		{6B20EF1A-49B9-4E7B-B4CE-38A896012CBF}.Debug|Any CPU.ActiveCfg = Debug|Any CPU
		{6B20EF1A-49B9-4E7B-B4CE-38A896012CBF}.Debug|Any CPU.Build.0 = Debug|Any CPU
		{6B20EF1A-49B9-4E7B-B4CE-38A896012CBF}.Release|Any CPU.ActiveCfg = Release|Any CPU
		{6B20EF1A-49B9-4E7B-B4CE-38A896012CBF}.Release|Any CPU.Build.0 = Release|Any CPU
	EndGlobalSection
	GlobalSection(SolutionProperties) = preSolution
		HideSolutionNode = FALSE
	EndGlobalSection
	GlobalSection(ExtensibilityGlobals) = postSolution
		SolutionGuid = {EA934444-11AE-4673-A37A-632975A5CF7E}
	EndGlobalSection
EndGlobal
